
Microsoft Visual Studio Solution File, Format Version 12.00
# Visual Studio 15
VisualStudioVersion = 15.0.26730.16
MinimumVisualStudioVersion = 10.0.40219.1
Project("{9A19103F-16F7-4668-BE54-9A1E7A4F7556}") = "WebTestEFCore20", "WebTestEFCore20\WebTestEFCore20.csproj", "{7B92820D-2262-44CA-8FD4-49F094C556AC}"
EndProject
Project("{FAE04EC0-301F-11D3-BF4B-00C04F79EFBC}") = "WebTestEFCore20.Tests", "WebTestEFCore20.Tests\WebTestEFCore20.Tests.csproj", "{364D383E-5126-4AAA-AB12-52E0AA99F03A}"
EndProject
Global
	GlobalSection(SolutionConfigurationPlatforms) = preSolution
		Debug|Any CPU = Debug|Any CPU
		Release|Any CPU = Release|Any CPU
	EndGlobalSection
	GlobalSection(ProjectConfigurationPlatforms) = postSolution
		{7B92820D-2262-44CA-8FD4-49F094C556AC}.Debug|Any CPU.ActiveCfg = Debug|Any CPU
		{7B92820D-2262-44CA-8FD4-49F094C556AC}.Debug|Any CPU.Build.0 = Debug|Any CPU
		{7B92820D-2262-44CA-8FD4-49F094C556AC}.Release|Any CPU.ActiveCfg = Release|Any CPU
		{7B92820D-2262-44CA-8FD4-49F094C556AC}.Release|Any CPU.Build.0 = Release|Any CPU
		{364D383E-5126-4AAA-AB12-52E0AA99F03A}.Debug|Any CPU.ActiveCfg = Debug|Any CPU
		{364D383E-5126-4AAA-AB12-52E0AA99F03A}.Debug|Any CPU.Build.0 = Debug|Any CPU
		{364D383E-5126-4AAA-AB12-52E0AA99F03A}.Release|Any CPU.ActiveCfg = Release|Any CPU
		{364D383E-5126-4AAA-AB12-52E0AA99F03A}.Release|Any CPU.Build.0 = Release|Any CPU
	EndGlobalSection
	GlobalSection(SolutionProperties) = preSolution
		HideSolutionNode = FALSE
	EndGlobalSection
	GlobalSection(ExtensibilityGlobals) = postSolution
		SolutionGuid = {74A08F49-3DA6-443F-BB7F-DC508805A800}
	EndGlobalSection
EndGlobal
